# THIS IS AN AUTOGENERATED FILE. DO NOT EDIT THIS FILE DIRECTLY.
# yarn lockfile v1


create-playwright@^1.17.135:
  version "1.17.135"
  resolved "https://registry.yarnpkg.com/create-playwright/-/create-playwright-1.17.135.tgz#3e8f70cf70f6b2e9068373764115085fe817d823"
  integrity sha512-ra/cDAeSCrE7waEccqYCt5WiFtOtLZI7xBVqhd8kQUI3rwAk9f/dIhZLSb/rGHoGKe2KxcPAngXZiCDJPoQ5uA==
